
Microsoft Visual Studio Solution File, Format Version 12.00
# Visual Studio Version 17
VisualStudioVersion = 17.14.36804.6
MinimumVisualStudioVersion = 10.0.40219.1
Project("{8BC9CEB8-8B4A-11D0-8D11-00A0C91BC942}") = "Project1", "Project1\Project1.vcxproj", "{3945A2D4-90FB-49F6-BF47-219977600183}"
EndProject
Global
	GlobalSection(SolutionConfigurationPlatforms) = preSolution
		Debug|x64 = Debug|x64
		Debug|x86 = Debug|x86
		Release|x64 = Release|x64
		Release|x86 = Release|x86
	EndGlobalSection
	GlobalSection(ProjectConfigurationPlatforms) = postSolution
		{3945A2D4-90FB-49F6-BF47-219977600183}.Debug|x64.ActiveCfg = Debug|x64
		{3945A2D4-90FB-49F6-BF47-219977600183}.Debug|x64.Build.0 = Debug|x64
		{3945A2D4-90FB-49F6-BF47-219977600183}.Debug|x86.ActiveCfg = Debug|Win32
		{3945A2D4-90FB-49F6-BF47-219977600183}.Debug|x86.Build.0 = Debug|Win32
		{3945A2D4-90FB-49F6-BF47-219977600183}.Release|x64.ActiveCfg = Release|x64
		{3945A2D4-90FB-49F6-BF47-219977600183}.Release|x64.Build.0 = Release|x64
		{3945A2D4-90FB-49F6-BF47-219977600183}.Release|x86.ActiveCfg = Release|Win32
		{3945A2D4-90FB-49F6-BF47-219977600183}.Release|x86.Build.0 = Release|Win32
	EndGlobalSection
	GlobalSection(SolutionProperties) = preSolution
		HideSolutionNode = FALSE
	EndGlobalSection
	GlobalSection(ExtensibilityGlobals) = postSolution
		SolutionGuid = {F43D72F3-B877-4B28-A503-3352EC65C129}
	EndGlobalSection
EndGlobal
